
Microsoft Visual Studio Solution File, Format Version 12.00
# Visual Studio Version 17
VisualStudioVersion = 17.13.35818.85 d17.13
MinimumVisualStudioVersion = 10.0.40219.1
Project("{8BC9CEB8-8B4A-11D0-8D11-00A0C91BC942}") = "primer-cpp-learn", "primer-cpp-learn\primer-cpp-learn.vcxproj", "{6CC5AD8F-FA7B-4F50-8449-1C72EDFE969D}"
EndProject
Global
	GlobalSection(SolutionConfigurationPlatforms) = preSolution
		Debug|x64 = Debug|x64
		Debug|x86 = Debug|x86
		Release|x64 = Release|x64
		Release|x86 = Release|x86
	EndGlobalSection
	GlobalSection(ProjectConfigurationPlatforms) = postSolution
		{6CC5AD8F-FA7B-4F50-8449-1C72EDFE969D}.Debug|x64.ActiveCfg = Debug|x64
		{6CC5AD8F-FA7B-4F50-8449-1C72EDFE969D}.Debug|x64.Build.0 = Debug|x64
		{6CC5AD8F-FA7B-4F50-8449-1C72EDFE969D}.Debug|x86.ActiveCfg = Debug|Win32
		{6CC5AD8F-FA7B-4F50-8449-1C72EDFE969D}.Debug|x86.Build.0 = Debug|Win32
		{6CC5AD8F-FA7B-4F50-8449-1C72EDFE969D}.Release|x64.ActiveCfg = Release|x64
		{6CC5AD8F-FA7B-4F50-8449-1C72EDFE969D}.Release|x64.Build.0 = Release|x64
		{6CC5AD8F-FA7B-4F50-8449-1C72EDFE969D}.Release|x86.ActiveCfg = Release|Win32
		{6CC5AD8F-FA7B-4F50-8449-1C72EDFE969D}.Release|x86.Build.0 = Release|Win32
	EndGlobalSection
	GlobalSection(SolutionProperties) = preSolution
		HideSolutionNode = FALSE
	EndGlobalSection
	GlobalSection(ExtensibilityGlobals) = postSolution
		SolutionGuid = {5A352F11-FA0E-4B11-A239-1915DDACC72F}
	EndGlobalSection
EndGlobal
